
Microsoft Visual Studio Solution File, Format Version 11.00
# Visual Studio 2010
Project("{FAE04EC0-301F-11D3-BF4B-00C04F79EFBC}") = "VKSiS_5", "VKSiS_5.csproj", "{DAF13860-890D-4630-B8BE-2E3416320969}"
EndProject
Global
	GlobalSection(SolutionConfigurationPlatforms) = preSolution
		Debug|Any CPU = Debug|Any CPU
		Release|Any CPU = Release|Any CPU
	EndGlobalSection
	GlobalSection(ProjectConfigurationPlatforms) = postSolution
		{DAF13860-890D-4630-B8BE-2E3416320969}.Debug|Any CPU.ActiveCfg = Debug|Any CPU
		{DAF13860-890D-4630-B8BE-2E3416320969}.Debug|Any CPU.Build.0 = Debug|Any CPU
		{DAF13860-890D-4630-B8BE-2E3416320969}.Release|Any CPU.ActiveCfg = Release|Any CPU
		{DAF13860-890D-4630-B8BE-2E3416320969}.Release|Any CPU.Build.0 = Release|Any CPU
	EndGlobalSection
	GlobalSection(SolutionProperties) = preSolution
		HideSolutionNode = FALSE
	EndGlobalSection
EndGlobal
