
Microsoft Visual Studio Solution File, Format Version 12.00
# Visual Studio 2012
Project("{FAE04EC0-301F-11D3-BF4B-00C04F79EFBC}") = "rbf", "rbf\rbf.csproj", "{B7037623-8891-4608-88F1-C93A2E8D36F8}"
EndProject
Project("{FAE04EC0-301F-11D3-BF4B-00C04F79EFBC}") = "ConsoleApplication1", "ConsoleApplication1\ConsoleApplication1.csproj", "{3153560D-2176-4018-9ED2-3D579D6C068E}"
EndProject
Global
	GlobalSection(SolutionConfigurationPlatforms) = preSolution
		Debug|Any CPU = Debug|Any CPU
		Release|Any CPU = Release|Any CPU
	EndGlobalSection
	GlobalSection(ProjectConfigurationPlatforms) = postSolution
		{B7037623-8891-4608-88F1-C93A2E8D36F8}.Debug|Any CPU.ActiveCfg = Debug|Any CPU
		{B7037623-8891-4608-88F1-C93A2E8D36F8}.Debug|Any CPU.Build.0 = Debug|Any CPU
		{B7037623-8891-4608-88F1-C93A2E8D36F8}.Release|Any CPU.ActiveCfg = Release|Any CPU
		{B7037623-8891-4608-88F1-C93A2E8D36F8}.Release|Any CPU.Build.0 = Release|Any CPU
		{3153560D-2176-4018-9ED2-3D579D6C068E}.Debug|Any CPU.ActiveCfg = Debug|Any CPU
		{3153560D-2176-4018-9ED2-3D579D6C068E}.Debug|Any CPU.Build.0 = Debug|Any CPU
		{3153560D-2176-4018-9ED2-3D579D6C068E}.Release|Any CPU.ActiveCfg = Release|Any CPU
		{3153560D-2176-4018-9ED2-3D579D6C068E}.Release|Any CPU.Build.0 = Release|Any CPU
	EndGlobalSection
	GlobalSection(SolutionProperties) = preSolution
		HideSolutionNode = FALSE
	EndGlobalSection
EndGlobal
